
Microsoft Visual Studio Solution File, Format Version 12.00
Project("{FAE04EC0-301F-11D3-BF4B-00C04F79EFBC}") = "Common", "Common\Common.csproj", "{3823C0A0-1FDA-4AC1-AAAA-A1AA9C1D29B2}"
EndProject
Project("{FAE04EC0-301F-11D3-BF4B-00C04F79EFBC}") = "RunDay", "RunDay\RunDay.csproj", "{A022B522-BB11-441C-8ED1-F63D4E1EA6A6}"
EndProject
Project("{FAE04EC0-301F-11D3-BF4B-00C04F79EFBC}") = "Day01", "Day01\Day01.csproj", "{6B15492D-FEE1-4309-9BA2-861982185032}"
EndProject
Project("{FAE04EC0-301F-11D3-BF4B-00C04F79EFBC}") = "Day02", "Day02\Day02.csproj", "{C862C91F-AA44-40AC-BAC8-141B806834EB}"
EndProject
Project("{FAE04EC0-301F-11D3-BF4B-00C04F79EFBC}") = "Day03", "Day03\Day03.csproj", "{B8A19D12-4C85-4AA1-BA83-67E44EC5764A}"
EndProject
Project("{FAE04EC0-301F-11D3-BF4B-00C04F79EFBC}") = "Day04", "Day04\Day04.csproj", "{FAB4292A-18E7-4E38-9EA2-42D72CC1E19D}"
EndProject
Project("{FAE04EC0-301F-11D3-BF4B-00C04F79EFBC}") = "Day05", "Day05\Day05.csproj", "{342D1B97-6012-438B-9090-A079AA838B41}"
EndProject
Project("{FAE04EC0-301F-11D3-BF4B-00C04F79EFBC}") = "Day06", "Day06\Day06.csproj", "{573E0518-3B23-4624-8B6B-5009B44009CC}"
EndProject
Project("{FAE04EC0-301F-11D3-BF4B-00C04F79EFBC}") = "Day07", "Day07\Day07.csproj", "{5F16D98F-0A1B-4901-9C1B-1FBB67B0D910}"
EndProject
Project("{FAE04EC0-301F-11D3-BF4B-00C04F79EFBC}") = "Day08", "Day08\Day08.csproj", "{AB3768D1-0C93-46BE-BF51-9F4B05E6D614}"
EndProject
Project("{FAE04EC0-301F-11D3-BF4B-00C04F79EFBC}") = "Day09", "Day09\Day09.csproj", "{C2556F17-46D5-4F22-B364-6E2CA2B8F444}"
EndProject
Project("{FAE04EC0-301F-11D3-BF4B-00C04F79EFBC}") = "Day10", "Day10\Day10.csproj", "{F3A97D36-4F70-45A1-B91B-DE933F335753}"
EndProject
Project("{FAE04EC0-301F-11D3-BF4B-00C04F79EFBC}") = "Day11", "Day11\Day11.csproj", "{1C9C171E-B711-4EBB-9450-88547C7E02C7}"
EndProject
Project("{FAE04EC0-301F-11D3-BF4B-00C04F79EFBC}") = "Day12", "Day12\Day12.csproj", "{63098E19-A7A1-4F27-8A76-5F09D41FF7FE}"
EndProject
Project("{FAE04EC0-301F-11D3-BF4B-00C04F79EFBC}") = "Day13", "Day13\Day13.csproj", "{E8495831-5067-4749-A098-05DFBDA23452}"
EndProject
Project("{FAE04EC0-301F-11D3-BF4B-00C04F79EFBC}") = "Day14", "Day14\Day14.csproj", "{65E83817-D8C6-48AE-AD76-37B5771DACF6}"
EndProject
Project("{FAE04EC0-301F-11D3-BF4B-00C04F79EFBC}") = "Day15", "Day15\Day15.csproj", "{F38FD082-BE25-4529-8996-F95C4437A2D8}"
EndProject
Project("{FAE04EC0-301F-11D3-BF4B-00C04F79EFBC}") = "Day16", "Day16\Day16.csproj", "{9957ADA1-EDA3-4B64-BBD0-E3810D39BC5E}"
EndProject
Project("{FAE04EC0-301F-11D3-BF4B-00C04F79EFBC}") = "Day17", "Day17\Day17.csproj", "{1D8DB4AA-1BEE-4BA6-ADE9-2951706EDC4F}"
EndProject
Project("{FAE04EC0-301F-11D3-BF4B-00C04F79EFBC}") = "Day18", "Day18\Day18.csproj", "{06603F6B-FA73-4334-B943-0F64F761441A}"
EndProject
Global
	GlobalSection(SolutionConfigurationPlatforms) = preSolution
		Debug|Any CPU = Debug|Any CPU
		Release|Any CPU = Release|Any CPU
	EndGlobalSection
	GlobalSection(ProjectConfigurationPlatforms) = postSolution
		{3823C0A0-1FDA-4AC1-AAAA-A1AA9C1D29B2}.Debug|Any CPU.ActiveCfg = Debug|Any CPU
		{3823C0A0-1FDA-4AC1-AAAA-A1AA9C1D29B2}.Debug|Any CPU.Build.0 = Debug|Any CPU
		{3823C0A0-1FDA-4AC1-AAAA-A1AA9C1D29B2}.Release|Any CPU.ActiveCfg = Release|Any CPU
		{3823C0A0-1FDA-4AC1-AAAA-A1AA9C1D29B2}.Release|Any CPU.Build.0 = Release|Any CPU
		{A022B522-BB11-441C-8ED1-F63D4E1EA6A6}.Debug|Any CPU.ActiveCfg = Debug|Any CPU
		{A022B522-BB11-441C-8ED1-F63D4E1EA6A6}.Debug|Any CPU.Build.0 = Debug|Any CPU
		{A022B522-BB11-441C-8ED1-F63D4E1EA6A6}.Release|Any CPU.ActiveCfg = Release|Any CPU
		{A022B522-BB11-441C-8ED1-F63D4E1EA6A6}.Release|Any CPU.Build.0 = Release|Any CPU
		{6B15492D-FEE1-4309-9BA2-861982185032}.Debug|Any CPU.ActiveCfg = Debug|Any CPU
		{6B15492D-FEE1-4309-9BA2-861982185032}.Debug|Any CPU.Build.0 = Debug|Any CPU
		{6B15492D-FEE1-4309-9BA2-861982185032}.Release|Any CPU.ActiveCfg = Release|Any CPU
		{6B15492D-FEE1-4309-9BA2-861982185032}.Release|Any CPU.Build.0 = Release|Any CPU
		{C862C91F-AA44-40AC-BAC8-141B806834EB}.Debug|Any CPU.ActiveCfg = Debug|Any CPU
		{C862C91F-AA44-40AC-BAC8-141B806834EB}.Debug|Any CPU.Build.0 = Debug|Any CPU
		{C862C91F-AA44-40AC-BAC8-141B806834EB}.Release|Any CPU.ActiveCfg = Release|Any CPU
		{C862C91F-AA44-40AC-BAC8-141B806834EB}.Release|Any CPU.Build.0 = Release|Any CPU
		{B8A19D12-4C85-4AA1-BA83-67E44EC5764A}.Debug|Any CPU.ActiveCfg = Debug|Any CPU
		{B8A19D12-4C85-4AA1-BA83-67E44EC5764A}.Debug|Any CPU.Build.0 = Debug|Any CPU
		{B8A19D12-4C85-4AA1-BA83-67E44EC5764A}.Release|Any CPU.ActiveCfg = Release|Any CPU
		{B8A19D12-4C85-4AA1-BA83-67E44EC5764A}.Release|Any CPU.Build.0 = Release|Any CPU
		{FAB4292A-18E7-4E38-9EA2-42D72CC1E19D}.Debug|Any CPU.ActiveCfg = Debug|Any CPU
		{FAB4292A-18E7-4E38-9EA2-42D72CC1E19D}.Debug|Any CPU.Build.0 = Debug|Any CPU
		{FAB4292A-18E7-4E38-9EA2-42D72CC1E19D}.Release|Any CPU.ActiveCfg = Release|Any CPU
		{FAB4292A-18E7-4E38-9EA2-42D72CC1E19D}.Release|Any CPU.Build.0 = Release|Any CPU
		{342D1B97-6012-438B-9090-A079AA838B41}.Debug|Any CPU.ActiveCfg = Debug|Any CPU
		{342D1B97-6012-438B-9090-A079AA838B41}.Debug|Any CPU.Build.0 = Debug|Any CPU
		{342D1B97-6012-438B-9090-A079AA838B41}.Release|Any CPU.ActiveCfg = Release|Any CPU
		{342D1B97-6012-438B-9090-A079AA838B41}.Release|Any CPU.Build.0 = Release|Any CPU
		{573E0518-3B23-4624-8B6B-5009B44009CC}.Debug|Any CPU.ActiveCfg = Debug|Any CPU
		{573E0518-3B23-4624-8B6B-5009B44009CC}.Debug|Any CPU.Build.0 = Debug|Any CPU
		{573E0518-3B23-4624-8B6B-5009B44009CC}.Release|Any CPU.ActiveCfg = Release|Any CPU
		{573E0518-3B23-4624-8B6B-5009B44009CC}.Release|Any CPU.Build.0 = Release|Any CPU
		{5F16D98F-0A1B-4901-9C1B-1FBB67B0D910}.Debug|Any CPU.ActiveCfg = Debug|Any CPU
		{5F16D98F-0A1B-4901-9C1B-1FBB67B0D910}.Debug|Any CPU.Build.0 = Debug|Any CPU
		{5F16D98F-0A1B-4901-9C1B-1FBB67B0D910}.Release|Any CPU.ActiveCfg = Release|Any CPU
		{5F16D98F-0A1B-4901-9C1B-1FBB67B0D910}.Release|Any CPU.Build.0 = Release|Any CPU
		{AB3768D1-0C93-46BE-BF51-9F4B05E6D614}.Debug|Any CPU.ActiveCfg = Debug|Any CPU
		{AB3768D1-0C93-46BE-BF51-9F4B05E6D614}.Debug|Any CPU.Build.0 = Debug|Any CPU
		{AB3768D1-0C93-46BE-BF51-9F4B05E6D614}.Release|Any CPU.ActiveCfg = Release|Any CPU
		{AB3768D1-0C93-46BE-BF51-9F4B05E6D614}.Release|Any CPU.Build.0 = Release|Any CPU
		{C2556F17-46D5-4F22-B364-6E2CA2B8F444}.Debug|Any CPU.ActiveCfg = Debug|Any CPU
		{C2556F17-46D5-4F22-B364-6E2CA2B8F444}.Debug|Any CPU.Build.0 = Debug|Any CPU
		{C2556F17-46D5-4F22-B364-6E2CA2B8F444}.Release|Any CPU.ActiveCfg = Release|Any CPU
		{C2556F17-46D5-4F22-B364-6E2CA2B8F444}.Release|Any CPU.Build.0 = Release|Any CPU
		{F3A97D36-4F70-45A1-B91B-DE933F335753}.Debug|Any CPU.ActiveCfg = Debug|Any CPU
		{F3A97D36-4F70-45A1-B91B-DE933F335753}.Debug|Any CPU.Build.0 = Debug|Any CPU
		{F3A97D36-4F70-45A1-B91B-DE933F335753}.Release|Any CPU.ActiveCfg = Release|Any CPU
		{F3A97D36-4F70-45A1-B91B-DE933F335753}.Release|Any CPU.Build.0 = Release|Any CPU
		{1C9C171E-B711-4EBB-9450-88547C7E02C7}.Debug|Any CPU.ActiveCfg = Debug|Any CPU
		{1C9C171E-B711-4EBB-9450-88547C7E02C7}.Debug|Any CPU.Build.0 = Debug|Any CPU
		{1C9C171E-B711-4EBB-9450-88547C7E02C7}.Release|Any CPU.ActiveCfg = Release|Any CPU
		{1C9C171E-B711-4EBB-9450-88547C7E02C7}.Release|Any CPU.Build.0 = Release|Any CPU
		{63098E19-A7A1-4F27-8A76-5F09D41FF7FE}.Debug|Any CPU.ActiveCfg = Debug|Any CPU
		{63098E19-A7A1-4F27-8A76-5F09D41FF7FE}.Debug|Any CPU.Build.0 = Debug|Any CPU
		{63098E19-A7A1-4F27-8A76-5F09D41FF7FE}.Release|Any CPU.ActiveCfg = Release|Any CPU
		{63098E19-A7A1-4F27-8A76-5F09D41FF7FE}.Release|Any CPU.Build.0 = Release|Any CPU
		{E8495831-5067-4749-A098-05DFBDA23452}.Debug|Any CPU.ActiveCfg = Debug|Any CPU
		{E8495831-5067-4749-A098-05DFBDA23452}.Debug|Any CPU.Build.0 = Debug|Any CPU
		{E8495831-5067-4749-A098-05DFBDA23452}.Release|Any CPU.ActiveCfg = Release|Any CPU
		{E8495831-5067-4749-A098-05DFBDA23452}.Release|Any CPU.Build.0 = Release|Any CPU
		{65E83817-D8C6-48AE-AD76-37B5771DACF6}.Debug|Any CPU.ActiveCfg = Debug|Any CPU
		{65E83817-D8C6-48AE-AD76-37B5771DACF6}.Debug|Any CPU.Build.0 = Debug|Any CPU
		{65E83817-D8C6-48AE-AD76-37B5771DACF6}.Release|Any CPU.ActiveCfg = Release|Any CPU
		{65E83817-D8C6-48AE-AD76-37B5771DACF6}.Release|Any CPU.Build.0 = Release|Any CPU
		{F38FD082-BE25-4529-8996-F95C4437A2D8}.Debug|Any CPU.ActiveCfg = Debug|Any CPU
		{F38FD082-BE25-4529-8996-F95C4437A2D8}.Debug|Any CPU.Build.0 = Debug|Any CPU
		{F38FD082-BE25-4529-8996-F95C4437A2D8}.Release|Any CPU.ActiveCfg = Release|Any CPU
		{F38FD082-BE25-4529-8996-F95C4437A2D8}.Release|Any CPU.Build.0 = Release|Any CPU
		{9957ADA1-EDA3-4B64-BBD0-E3810D39BC5E}.Debug|Any CPU.ActiveCfg = Debug|Any CPU
		{9957ADA1-EDA3-4B64-BBD0-E3810D39BC5E}.Debug|Any CPU.Build.0 = Debug|Any CPU
		{9957ADA1-EDA3-4B64-BBD0-E3810D39BC5E}.Release|Any CPU.ActiveCfg = Release|Any CPU
		{9957ADA1-EDA3-4B64-BBD0-E3810D39BC5E}.Release|Any CPU.Build.0 = Release|Any CPU
		{1D8DB4AA-1BEE-4BA6-ADE9-2951706EDC4F}.Debug|Any CPU.ActiveCfg = Debug|Any CPU
		{1D8DB4AA-1BEE-4BA6-ADE9-2951706EDC4F}.Debug|Any CPU.Build.0 = Debug|Any CPU
		{1D8DB4AA-1BEE-4BA6-ADE9-2951706EDC4F}.Release|Any CPU.ActiveCfg = Release|Any CPU
		{1D8DB4AA-1BEE-4BA6-ADE9-2951706EDC4F}.Release|Any CPU.Build.0 = Release|Any CPU
		{06603F6B-FA73-4334-B943-0F64F761441A}.Debug|Any CPU.ActiveCfg = Debug|Any CPU
		{06603F6B-FA73-4334-B943-0F64F761441A}.Debug|Any CPU.Build.0 = Debug|Any CPU
		{06603F6B-FA73-4334-B943-0F64F761441A}.Release|Any CPU.ActiveCfg = Release|Any CPU
		{06603F6B-FA73-4334-B943-0F64F761441A}.Release|Any CPU.Build.0 = Release|Any CPU
	EndGlobalSection
EndGlobal
